{
  "nodes": {
    "aquamarine": {
      "inputs": {
        "hyprutils": [
          "hyprland",
          "hyprutils"
        ],
        "hyprwayland-scanner": [
          "hyprland",
          "hyprwayland-scanner"
        ],
        "nixpkgs": [
          "hyprland",
          "nixpkgs"
        ],
        "systems": [
          "hyprland",
          "systems"
        ]
      },
      "locked": {
        "lastModified": 1764714051,
        "narHash": "sha256-AjcMlM3UoavFoLzr0YrcvsIxALShjyvwe+o7ikibpCM=",
        "owner": "hyprwm",
        "repo": "aquamarine",
        "rev": "a43bedcceced5c21ad36578ed823e6099af78214",
        "type": "github"
      },
      "original": {
        "owner": "hyprwm",
        "repo": "aquamarine",
        "type": "github"
      }
    },
    "cargo2nix": {
      "inputs": {
        "flake-compat": [
          "flake-compat"
        ],
        "flake-utils": [
          "flake-utils"
        ],
        "nixpkgs": [
          "nixpkgs"
        ],
        "rust-overlay": [
          "rust-overlay"
        ]
      },
      "locked": {
        "lastModified": 1750364353,
        "narHash": "sha256-l06DIwnB4JHwP1isUUXk85F+AHQkUSUyAWnAmRxXICg=",
        "owner": "cargo2nix",
        "repo": "cargo2nix",
        "rev": "a709c74619e1a2b68ed12bb398e12fbe29d69657",
        "type": "github"
      },
      "original": {
        "owner": "cargo2nix",
        "ref": "release-0.12",
        "repo": "cargo2nix",
        "type": "github"
      }
    },
    "crane": {
      "locked": {
        "lastModified": 1765145449,
        "narHash": "sha256-aBVHGWWRzSpfL++LubA0CwOOQ64WNLegrYHwsVuVN7A=",
        "owner": "ipetkov",
        "repo": "crane",
        "rev": "69f538cdce5955fcd47abfed4395dc6d5194c1c5",
        "type": "github"
      },
      "original": {
        "owner": "ipetkov",
        "ref": "master",
        "repo": "crane",
        "type": "github"
      }
    },
    "devshell": {
      "inputs": {
        "nixpkgs": [
          "nixpkgs"
        ]
      },
      "locked": {
        "lastModified": 1764011051,
        "narHash": "sha256-M7SZyPZiqZUR/EiiBJnmyUbOi5oE/03tCeFrTiUZchI=",
        "owner": "numtide",
        "repo": "devshell",
        "rev": "17ed8d9744ebe70424659b0ef74ad6d41fc87071",
        "type": "github"
      },
      "original": {
        "owner": "numtide",
        "ref": "main",
        "repo": "devshell",
        "type": "github"
      }
    },
    "devshell-lib": {
      "flake": false,
      "locked": {
        "lastModified": 1756280941,
        "narHash": "sha256-QJrcAvSUaFU5Lns/D3px1oEIiANNmVp9o1hLlMQuG/w=",
        "owner": "phanirithvij",
        "repo": "nix-shell-templates",
        "rev": "1b798f537fb8ff6b7c331371f80924bc0a6564f1",
        "type": "github"
      },
      "original": {
        "owner": "phanirithvij",
        "ref": "main",
        "repo": "nix-shell-templates",
        "type": "github"
      }
    },
    "devshell-lib_2": {
      "flake": false,
      "locked": {
        "lastModified": 1756280941,
        "narHash": "sha256-QJrcAvSUaFU5Lns/D3px1oEIiANNmVp9o1hLlMQuG/w=",
        "owner": "phanirithvij",
        "repo": "nix-shell-templates",
        "rev": "1b798f537fb8ff6b7c331371f80924bc0a6564f1",
        "type": "github"
      },
      "original": {
        "owner": "phanirithvij",
        "ref": "main",
        "repo": "nix-shell-templates",
        "type": "github"
      }
    },
    "devshell_2": {
      "inputs": {
        "nixpkgs": [
          "nur-pkgs",
          "nixpkgs"
        ]
      },
      "locked": {
        "lastModified": 1764011051,
        "narHash": "sha256-M7SZyPZiqZUR/EiiBJnmyUbOi5oE/03tCeFrTiUZchI=",
        "owner": "numtide",
        "repo": "devshell",
        "rev": "17ed8d9744ebe70424659b0ef74ad6d41fc87071",
        "type": "github"
      },
      "original": {
        "owner": "numtide",
        "ref": "main",
        "repo": "devshell",
        "type": "github"
      }
    },
    "flake-compat": {
      "flake": false,
      "locked": {
        "lastModified": 1765121682,
        "narHash": "sha256-4VBOP18BFeiPkyhy9o4ssBNQEvfvv1kXkasAYd0+rrA=",
        "owner": "edolstra",
        "repo": "flake-compat",
        "rev": "65f23138d8d09a92e30f1e5c87611b23ef451bf3",
        "type": "github"
      },
      "original": {
        "owner": "edolstra",
        "ref": "master",
        "repo": "flake-compat",
        "type": "github"
      }
    },
    "flake-compat_2": {
      "flake": false,
      "locked": {
        "lastModified": 1761588595,
        "narHash": "sha256-XKUZz9zewJNUj46b4AJdiRZJAvSZ0Dqj2BNfXvFlJC4=",
        "owner": "edolstra",
        "repo": "flake-compat",
        "rev": "f387cd2afec9419c8ee37694406ca490c3f34ee5",
        "type": "github"
      },
      "original": {
        "owner": "edolstra",
        "repo": "flake-compat",
        "type": "github"
      }
    },
    "flake-parts": {
      "inputs": {
        "nixpkgs-lib": [
          "nixpkgs"
        ]
      },
      "locked": {
        "lastModified": 1763759067,
        "narHash": "sha256-LlLt2Jo/gMNYAwOgdRQBrsRoOz7BPRkzvNaI/fzXi2Q=",
        "owner": "hercules-ci",
        "repo": "flake-parts",
        "rev": "2cccadc7357c0ba201788ae99c4dfa90728ef5e0",
        "type": "github"
      },
      "original": {
        "owner": "hercules-ci",
        "ref": "main",
        "repo": "flake-parts",
        "type": "github"
      }
    },
    "flake-schemas": {
      "locked": {
        "lastModified": 1761577921,
        "narHash": "sha256-eK3/xbUOrxp9fFlei09XNjqcdiHXxndzrTXp7jFpOk8=",
        "owner": "DeterminateSystems",
        "repo": "flake-schemas",
        "rev": "47849c7625e223d36766968cc6dc23ba0e135922",
        "type": "github"
      },
      "original": {
        "owner": "DeterminateSystems",
        "ref": "main",
        "repo": "flake-schemas",
        "type": "github"
      }
    },
    "flake-utils": {
      "inputs": {
        "systems": [
          "systems"
        ]
      },
      "locked": {
        "lastModified": 1731533236,
        "narHash": "sha256-l0KFg5HjrsfsO/JpG+r7fRrqm12kzFHyUHqHCVpMMbI=",
        "owner": "numtide",
        "repo": "flake-utils",
        "rev": "11707dc2f618dd54ca8739b309ec4fc024de578b",
        "type": "github"
      },
      "original": {
        "owner": "numtide",
        "ref": "main",
        "repo": "flake-utils",
        "type": "github"
      }
    },
    "git-hooks": {
      "inputs": {
        "flake-compat": [
          "flake-compat"
        ],
        "gitignore": "gitignore",
        "nixpkgs": [
          "nixpkgs"
        ]
      },
      "locked": {
        "lastModified": 1765016596,
        "narHash": "sha256-rhSqPNxDVow7OQKi4qS5H8Au0P4S3AYbawBSmJNUtBQ=",
        "owner": "cachix",
        "repo": "git-hooks.nix",
        "rev": "548fc44fca28a5e81c5d6b846e555e6b9c2a5a3c",
        "type": "github"
      },
      "original": {
        "owner": "cachix",
        "ref": "master",
        "repo": "git-hooks.nix",
        "type": "github"
      }
    },
    "gitignore": {
      "inputs": {
        "nixpkgs": [
          "git-hooks",
          "nixpkgs"
        ]
      },
      "locked": {
        "lastModified": 1709087332,
        "narHash": "sha256-HG2cCnktfHsKV0s4XW83gU3F57gaTljL9KNSuG6bnQs=",
        "owner": "hercules-ci",
        "repo": "gitignore.nix",
        "rev": "637db329424fd7e46cf4185293b9cc8c88c95394",
        "type": "github"
      },
      "original": {
        "owner": "hercules-ci",
        "repo": "gitignore.nix",
        "type": "github"
      }
    },
    "home-manager": {
      "inputs": {
        "nixpkgs": [
          "nixpkgs"
        ]
      },
      "locked": {
        "lastModified": 1757406334,
        "narHash": "sha256-wSBN8st8ySeJ9Yv+gzoaN0f8nUgpjL0xz6moqHJt0nQ=",
        "owner": "phanirithvij",
        "repo": "home-manager",
        "rev": "4c6c315a63f0cece78d18bd5bd86a5feeafe4b37",
        "type": "github"
      },
      "original": {
        "owner": "phanirithvij",
        "ref": "patched",
        "repo": "home-manager",
        "type": "github"
      }
    },
    "home-manager-patch-10": {
      "flake": false,
      "locked": {
        "path": "home/patches/docs-manpages-parallel.patch",
        "type": "path"
      },
      "original": {
        "path": "home/patches/docs-manpages-parallel.patch",
        "type": "path"
      },
      "parent": []
    },
    "home-manager-upstream": {
      "inputs": {
        "nixpkgs": [
          "nixpkgs"
        ]
      },
      "locked": {
        "lastModified": 1764998300,
        "narHash": "sha256-fZatn/KLfHLDXnF0wy7JxXqGaZmGDTVufT4o/AOlj44=",
        "owner": "nix-community",
        "repo": "home-manager",
        "rev": "27a6182347ccae90a88231ae0dc5dfa7d15815bb",
        "type": "github"
      },
      "original": {
        "owner": "nix-community",
        "ref": "master",
        "repo": "home-manager",
        "type": "github"
      }
    },
    "hyprcursor": {
      "inputs": {
        "hyprlang": [
          "hyprland",
          "hyprlang"
        ],
        "nixpkgs": [
          "hyprland",
          "nixpkgs"
        ],
        "systems": [
          "hyprland",
          "systems"
        ]
      },
      "locked": {
        "lastModified": 1753964049,
        "narHash": "sha256-lIqabfBY7z/OANxHoPeIrDJrFyYy9jAM4GQLzZ2feCM=",
        "owner": "hyprwm",
        "repo": "hyprcursor",
        "rev": "44e91d467bdad8dcf8bbd2ac7cf49972540980a5",
        "type": "github"
      },
      "original": {
        "owner": "hyprwm",
        "repo": "hyprcursor",
        "type": "github"
      }
    },
    "hyprgraphics": {
      "inputs": {
        "hyprutils": [
          "hyprland",
          "hyprutils"
        ],
        "nixpkgs": [
          "hyprland",
          "nixpkgs"
        ],
        "systems": [
          "hyprland",
          "systems"
        ]
      },
      "locked": {
        "lastModified": 1763733840,
        "narHash": "sha256-JnET78yl5RvpGuDQy3rCycOCkiKoLr5DN1fPhRNNMco=",
        "owner": "hyprwm",
        "repo": "hyprgraphics",
        "rev": "8f1bec691b2d198c60cccabca7a94add2df4ed1a",
        "type": "github"
      },
      "original": {
        "owner": "hyprwm",
        "repo": "hyprgraphics",
        "type": "github"
      }
    },
    "hyprland": {
      "inputs": {
        "aquamarine": "aquamarine",
        "hyprcursor": "hyprcursor",
        "hyprgraphics": "hyprgraphics",
        "hyprland-guiutils": "hyprland-guiutils",
        "hyprland-protocols": "hyprland-protocols",
        "hyprlang": "hyprlang",
        "hyprutils": "hyprutils",
        "hyprwayland-scanner": "hyprwayland-scanner",
        "hyprwire": "hyprwire",
        "nixpkgs": [
          "nixpkgs"
        ],
        "pre-commit-hooks": [
          "git-hooks"
        ],
        "systems": "systems",
        "xdph": "xdph"
      },
      "locked": {
        "lastModified": 1765141510,
        "narHash": "sha256-Bfuj2CO4HuLLU2e8FDMZ3tdi4X6Ig4fM1VrhPoOwJJ8=",
        "ref": "refs/heads/main",
        "rev": "a5b7c91329313503e8864761f24ef43fb630f35c",
        "revCount": 6697,
        "submodules": true,
        "type": "git",
        "url": "https://github.com/hyprwm/Hyprland.git"
      },
      "original": {
        "submodules": true,
        "type": "git",
        "url": "https://github.com/hyprwm/Hyprland.git"
      }
    },
    "hyprland-guiutils": {
      "inputs": {
        "aquamarine": [
          "hyprland",
          "aquamarine"
        ],
        "hyprgraphics": [
          "hyprland",
          "hyprgraphics"
        ],
        "hyprlang": [
          "hyprland",
          "hyprlang"
        ],
        "hyprtoolkit": "hyprtoolkit",
        "hyprutils": [
          "hyprland",
          "hyprutils"
        ],
        "hyprwayland-scanner": [
          "hyprland",
          "hyprwayland-scanner"
        ],
        "nixpkgs": [
          "hyprland",
          "nixpkgs"
        ],
        "systems": [
          "hyprland",
          "systems"
        ]
      },
      "locked": {
        "lastModified": 1764812575,
        "narHash": "sha256-1bK1yGgaR82vajUrt6z+BSljQvFn91D74WJ/vJsydtE=",
        "owner": "hyprwm",
        "repo": "hyprland-guiutils",
        "rev": "fd321368a40c782cfa299991e5584ca338e36ebe",
        "type": "github"
      },
      "original": {
        "owner": "hyprwm",
        "repo": "hyprland-guiutils",
        "type": "github"
      }
    },
    "hyprland-protocols": {
      "inputs": {
        "nixpkgs": [
          "hyprland",
          "nixpkgs"
        ],
        "systems": [
          "hyprland",
          "systems"
        ]
      },
      "locked": {
        "lastModified": 1759610243,
        "narHash": "sha256-+KEVnKBe8wz+a6dTLq8YDcF3UrhQElwsYJaVaHXJtoI=",
        "owner": "hyprwm",
        "repo": "hyprland-protocols",
        "rev": "bd153e76f751f150a09328dbdeb5e4fab9d23622",
        "type": "github"
      },
      "original": {
        "owner": "hyprwm",
        "repo": "hyprland-protocols",
        "type": "github"
      }
    },
    "hyprlang": {
      "inputs": {
        "hyprutils": [
          "hyprland",
          "hyprutils"
        ],
        "nixpkgs": [
          "hyprland",
          "nixpkgs"
        ],
        "systems": [
          "hyprland",
          "systems"
        ]
      },
      "locked": {
        "lastModified": 1764612430,
        "narHash": "sha256-54ltTSbI6W+qYGMchAgCR6QnC1kOdKXN6X6pJhOWxFg=",
        "owner": "hyprwm",
        "repo": "hyprlang",
        "rev": "0d00dc118981531aa731150b6ea551ef037acddd",
        "type": "github"
      },
      "original": {
        "owner": "hyprwm",
        "repo": "hyprlang",
        "type": "github"
      }
    },
    "hyprtoolkit": {
      "inputs": {
        "aquamarine": [
          "hyprland",
          "hyprland-guiutils",
          "aquamarine"
        ],
        "hyprgraphics": [
          "hyprland",
          "hyprland-guiutils",
          "hyprgraphics"
        ],
        "hyprlang": [
          "hyprland",
          "hyprland-guiutils",
          "hyprlang"
        ],
        "hyprutils": [
          "hyprland",
          "hyprland-guiutils",
          "hyprutils"
        ],
        "hyprwayland-scanner": [
          "hyprland",
          "hyprland-guiutils",
          "hyprwayland-scanner"
        ],
        "nixpkgs": [
          "hyprland",
          "hyprland-guiutils",
          "nixpkgs"
        ],
        "systems": [
          "hyprland",
          "hyprland-guiutils",
          "systems"
        ]
      },
      "locked": {
        "lastModified": 1764592794,
        "narHash": "sha256-7CcO+wbTJ1L1NBQHierHzheQGPWwkIQug/w+fhTAVuU=",
        "owner": "hyprwm",
        "repo": "hyprtoolkit",
        "rev": "5cfe0743f0e608e1462972303778d8a0859ee63e",
        "type": "github"
      },
      "original": {
        "owner": "hyprwm",
        "repo": "hyprtoolkit",
        "type": "github"
      }
    },
    "hyprutils": {
      "inputs": {
        "nixpkgs": [
          "hyprland",
          "nixpkgs"
        ],
        "systems": [
          "hyprland",
          "systems"
        ]
      },
      "locked": {
        "lastModified": 1764962281,
        "narHash": "sha256-rGbEMhTTyTzw4iyz45lch5kXseqnqcEpmrHdy+zHsfo=",
        "owner": "hyprwm",
        "repo": "hyprutils",
        "rev": "fe686486ac867a1a24f99c753bb40ffed338e4b0",
        "type": "github"
      },
      "original": {
        "owner": "hyprwm",
        "repo": "hyprutils",
        "type": "github"
      }
    },
    "hyprwayland-scanner": {
      "inputs": {
        "nixpkgs": [
          "hyprland",
          "nixpkgs"
        ],
        "systems": [
          "hyprland",
          "systems"
        ]
      },
      "locked": {
        "lastModified": 1763640274,
        "narHash": "sha256-Uan1Nl9i4TF/kyFoHnTq1bd/rsWh4GAK/9/jDqLbY5A=",
        "owner": "hyprwm",
        "repo": "hyprwayland-scanner",
        "rev": "f6cf414ca0e16a4d30198fd670ec86df3c89f671",
        "type": "github"
      },
      "original": {
        "owner": "hyprwm",
        "repo": "hyprwayland-scanner",
        "type": "github"
      }
    },
    "hyprwire": {
      "inputs": {
        "hyprutils": [
          "hyprland",
          "hyprutils"
        ],
        "nixpkgs": [
          "hyprland",
          "nixpkgs"
        ],
        "systems": [
          "hyprland",
          "systems"
        ]
      },
      "locked": {
        "lastModified": 1764872015,
        "narHash": "sha256-INI9AVrQG5nJZFvGPSiUZ9FEUZJLfGdsqjF1QSak7Gc=",
        "owner": "hyprwm",
        "repo": "hyprwire",
        "rev": "7997451dcaab7b9d9d442f18985d514ec5891608",
        "type": "github"
      },
      "original": {
        "owner": "hyprwm",
        "repo": "hyprwire",
        "type": "github"
      }
    },
    "lazy-apps": {
      "inputs": {
        "nixpkgs": [
          "nixpkgs"
        ],
        "pre-commit-hooks": [
          "git-hooks"
        ]
      },
      "locked": {
        "lastModified": 1765130494,
        "narHash": "sha256-3U87bUzrRfo59ciATj016CIgg21WKh8L6oYDitarpgg=",
        "owner": "phanirithvij",
        "repo": "lazy-apps",
        "rev": "116fa1b4e9c75e28162936a17feaf357082966fc",
        "type": "github"
      },
      "original": {
        "owner": "phanirithvij",
        "ref": "master",
        "repo": "lazy-apps",
        "type": "github"
      }
    },
    "navi_config": {
      "flake": false,
      "locked": {
        "lastModified": 1754889805,
        "narHash": "sha256-RdASnVzqQEJLLC6EpriBDlcrFdcNyI/YciDD/tVlPk4=",
        "owner": "phanirithvij",
        "repo": "navi",
        "rev": "eab2397de98cf615d0620cc709f4a546ba630efe",
        "type": "github"
      },
      "original": {
        "owner": "phanirithvij",
        "ref": "main",
        "repo": "navi",
        "type": "github"
      }
    },
    "niri": {
      "inputs": {
        "niri-stable": "niri-stable",
        "niri-unstable": "niri-unstable",
        "nixpkgs": [
          "nixpkgs"
        ],
        "nixpkgs-stable": [
          "nixpkgs-stable"
        ],
        "xwayland-satellite-stable": "xwayland-satellite-stable",
        "xwayland-satellite-unstable": "xwayland-satellite-unstable"
      },
      "locked": {
        "lastModified": 1765120349,
        "narHash": "sha256-MvwrHRV80hOdEwfLgI16XhApHuvj69aAgUWQ8ZBgAqE=",
        "owner": "sodiboo",
        "repo": "niri-flake",
        "rev": "0f4acff79842637e92f5f2609d3844bac9d5e592",
        "type": "github"
      },
      "original": {
        "owner": "sodiboo",
        "ref": "main",
        "repo": "niri-flake",
        "type": "github"
      }
    },
    "niri-stable": {
      "flake": false,
      "locked": {
        "lastModified": 1756556321,
        "narHash": "sha256-RLD89dfjN0RVO86C/Mot0T7aduCygPGaYbog566F0Qo=",
        "owner": "YaLTeR",
        "repo": "niri",
        "rev": "01be0e65f4eb91a9cd624ac0b76aaeab765c7294",
        "type": "github"
      },
      "original": {
        "owner": "YaLTeR",
        "ref": "v25.08",
        "repo": "niri",
        "type": "github"
      }
    },
    "niri-unstable": {
      "flake": false,
      "locked": {
        "lastModified": 1764966114,
        "narHash": "sha256-nC0Fsu4zSdabdR4tHHMCrTgqLms612eEDy5VCdQVZFk=",
        "owner": "YaLTeR",
        "repo": "niri",
        "rev": "ba29735fbbd8cf8319c71ccb55b54a0580007c80",
        "type": "github"
      },
      "original": {
        "owner": "YaLTeR",
        "repo": "niri",
        "type": "github"
      }
    },
    "nix-formatter-pack": {
      "inputs": {
        "nixpkgs": [
          "nix-on-droid",
          "nixpkgs"
        ],
        "nmd": [
          "nix-on-droid",
          "nmd"
        ],
        "nmt": "nmt"
      },
      "locked": {
        "lastModified": 1705252799,
        "narHash": "sha256-HgSTREh7VoXjGgNDwKQUYcYo13rPkltW7IitHrTPA5c=",
        "owner": "Gerschtli",
        "repo": "nix-formatter-pack",
        "rev": "2de39dedd79aab14c01b9e2934842051a160ffa5",
        "type": "github"
      },
      "original": {
        "owner": "Gerschtli",
        "repo": "nix-formatter-pack",
        "type": "github"
      }
    },
    "nix-index-database": {
      "inputs": {
        "nixpkgs": [
          "nixpkgs"
        ]
      },
      "locked": {
        "lastModified": 1765080594,
        "narHash": "sha256-5t3d655GqLblE+p5xN5ntkeRfZBesN7vehOWcRcU88M=",
        "owner": "nix-community",
        "repo": "nix-index-database",
        "rev": "4194c582d0a3f440382ee00b729ea5cc5ef59754",
        "type": "github"
      },
      "original": {
        "owner": "nix-community",
        "ref": "main",
        "repo": "nix-index-database",
        "type": "github"
      }
    },
    "nix-on-droid": {
      "inputs": {
        "home-manager": [
          "home-manager"
        ],
        "nix-formatter-pack": "nix-formatter-pack",
        "nixpkgs": [
          "nixpkgs"
        ],
        "nixpkgs-docs": "nixpkgs-docs",
        "nixpkgs-for-bootstrap": "nixpkgs-for-bootstrap",
        "nmd": "nmd"
      },
      "locked": {
        "lastModified": 1765031149,
        "narHash": "sha256-4ZtlnCp4blhsjGnQIxAXDAj7nCJKy7tozoBRtklmwcU=",
        "owner": "nix-community",
        "repo": "nix-on-droid",
        "rev": "55b6449b4582a4ba3ce712543c973360a026db7d",
        "type": "github"
      },
      "original": {
        "owner": "nix-community",
        "ref": "master",
        "repo": "nix-on-droid",
        "type": "github"
      }
    },
    "nix-patcher": {
      "inputs": {
        "nixpkgs": [
          "nixpkgs"
        ],
        "patch2pr": "patch2pr"
      },
      "locked": {
        "lastModified": 1757408121,
        "narHash": "sha256-El44HndampSScmiZVYwmqPvIviBL559TJYz27s5s0e8=",
        "owner": "phanirithvij",
        "repo": "nix-patcher",
        "rev": "f31f6d0afa69b825e1049a152382cc03e87cd781",
        "type": "github"
      },
      "original": {
        "owner": "phanirithvij",
        "ref": "main",
        "repo": "nix-patcher",
        "type": "github"
      }
    },
    "nix-update": {
      "inputs": {
        "flake-parts": [
          "flake-parts"
        ],
        "nixpkgs": [
          "nixpkgs"
        ],
        "treefmt-nix": [
          "treefmt-nix"
        ]
      },
      "locked": {
        "lastModified": 1764473006,
        "narHash": "sha256-3BHBj5JNubW9XK/xA5DkMz0VpXx90fZAZOEens36UzY=",
        "owner": "Mic92",
        "repo": "nix-update",
        "rev": "f64fa3045d0cb2398db911103a6c1a5d524d2392",
        "type": "github"
      },
      "original": {
        "owner": "Mic92",
        "ref": "main",
        "repo": "nix-update",
        "type": "github"
      }
    },
    "nixdroidpkgs": {
      "inputs": {
        "nixpkgs": [
          "nixpkgs"
        ],
        "termux-auth": "termux-auth",
        "termux-packages": "termux-packages"
      },
      "locked": {
        "lastModified": 1761387799,
        "narHash": "sha256-p3Ooa5fTyZtzSKcCSxLY3w9iuG27sc1un0161p6Ep/Q=",
        "owner": "phanirithvij",
        "repo": "nixdroidpkgs",
        "rev": "0c949ef1cc0832c31467dac1788fadebfadf3643",
        "type": "github"
      },
      "original": {
        "owner": "phanirithvij",
        "ref": "patched",
        "repo": "nixdroidpkgs",
        "type": "github"
      }
    },
    "nixdroidpkgs-patch-01": {
      "flake": false,
      "locked": {
        "path": "hosts/nod/patches/nixdroidpkgs-flake-update.patch",
        "type": "path"
      },
      "original": {
        "path": "hosts/nod/patches/nixdroidpkgs-flake-update.patch",
        "type": "path"
      },
      "parent": []
    },
    "nixdroidpkgs-upstream": {
      "inputs": {
        "nixpkgs": [
          "nixpkgs"
        ],
        "termux-auth": [],
        "termux-packages": []
      },
      "locked": {
        "lastModified": 1746794649,
        "narHash": "sha256-GZKmDCvnXJv2EXzTAwHXnVX/4sUCqFaCeLGgTtCQg70=",
        "owner": "horriblename",
        "repo": "nixdroidpkgs",
        "rev": "4afd1e8d473902ff29b14ef97af51aaeea24be8b",
        "type": "github"
      },
      "original": {
        "owner": "horriblename",
        "ref": "main",
        "repo": "nixdroidpkgs",
        "type": "github"
      }
    },
    "nixos-wsl": {
      "inputs": {
        "flake-compat": "flake-compat_2",
        "nixpkgs": [
          "nixpkgs"
        ]
      },
      "locked": {
        "lastModified": 1764730608,
        "narHash": "sha256-FxKIa3OCSRVC23qrk7VT68vExUcmSruJ8OobVlSWOxc=",
        "owner": "nix-community",
        "repo": "NixOS-WSL",
        "rev": "10124c58674360765adcb38c9a8b081fb72904e4",
        "type": "github"
      },
      "original": {
        "owner": "nix-community",
        "ref": "main",
        "repo": "NixOS-WSL",
        "type": "github"
      }
    },
    "nixpkgs": {
      "locked": {
        "lastModified": 1750864583,
        "narHash": "sha256-JRWzTe0b8ZWLwrwxK87lbq4NQKCtb0GoI1pTkSBBV9I=",
        "owner": "phanirithvij",
        "repo": "nixpkgs",
        "rev": "b05d68389effdf67333d41d2ffeca2ddcd712449",
        "type": "github"
      },
      "original": {
        "owner": "phanirithvij",
        "ref": "nixos-patched",
        "repo": "nixpkgs",
        "type": "github"
      }
    },
    "nixpkgs-docs": {
      "locked": {
        "lastModified": 1705957679,
        "narHash": "sha256-Q8LJaVZGJ9wo33wBafvZSzapYsjOaNjP/pOnSiKVGHY=",
        "owner": "NixOS",
        "repo": "nixpkgs",
        "rev": "9a333eaa80901efe01df07eade2c16d183761fa3",
        "type": "github"
      },
      "original": {
        "owner": "NixOS",
        "ref": "release-23.05",
        "repo": "nixpkgs",
        "type": "github"
      }
    },
    "nixpkgs-for-bootstrap": {
      "locked": {
        "lastModified": 1720244366,
        "narHash": "sha256-WrDV0FPMVd2Sq9hkR5LNHudS3OSMmUrs90JUTN+MXpA=",
        "owner": "NixOS",
        "repo": "nixpkgs",
        "rev": "49ee0e94463abada1de470c9c07bfc12b36dcf40",
        "type": "github"
      },
      "original": {
        "owner": "NixOS",
        "repo": "nixpkgs",
        "rev": "49ee0e94463abada1de470c9c07bfc12b36dcf40",
        "type": "github"
      }
    },
    "nixpkgs-patch-385535": {
      "flake": false,
      "locked": {
        "narHash": "sha256-zEA3b0RIuuMT1ryiGK00z/nmJOtpyJ2EL0ddK+8Fitc=",
        "type": "file",
        "url": "https://github.com/NixOS/nixpkgs/pull/385535.patch?full_index=1"
      },
      "original": {
        "type": "file",
        "url": "https://github.com/NixOS/nixpkgs/pull/385535.patch?full_index=1"
      }
    },
    "nixpkgs-patch-419929": {
      "flake": false,
      "locked": {
        "narHash": "sha256-jMExeebZ0X99DETrCI6ULz5AaPqA9PJXDCyg/QkY/S8=",
        "type": "file",
        "url": "https://github.com/NixOS/nixpkgs/pull/419929.patch?full_index=1"
      },
      "original": {
        "type": "file",
        "url": "https://github.com/NixOS/nixpkgs/pull/419929.patch?full_index=1"
      }
    },
    "nixpkgs-patcher": {
      "locked": {
        "lastModified": 1755771249,
        "narHash": "sha256-i7smdU4QRlBxztu8BE65EAiqBsRQq1HK0D5SkYeAL0o=",
        "owner": "phanirithvij",
        "repo": "nixpkgs-patcher",
        "rev": "1b2f5a0d51ab51e57948979ace933da28814f579",
        "type": "github"
      },
      "original": {
        "owner": "phanirithvij",
        "ref": "main",
        "repo": "nixpkgs-patcher",
        "type": "github"
      }
    },
    "nixpkgs-stable": {
      "locked": {
        "lastModified": 1764939437,
        "narHash": "sha256-4TLFHUwXraw9Df5mXC/vCrJgb50CRr3CzUzF0Mn3CII=",
        "owner": "NixOS",
        "repo": "nixpkgs",
        "rev": "00d2457e2f608b4be6fe8b470b0a36816324b0ae",
        "type": "github"
      },
      "original": {
        "owner": "NixOS",
        "ref": "nixos-25.05",
        "repo": "nixpkgs",
        "type": "github"
      }
    },
    "nixpkgs-upstream": {
      "locked": {
        "lastModified": 1764950072,
        "narHash": "sha256-BmPWzogsG2GsXZtlT+MTcAWeDK5hkbGRZTeZNW42fwA=",
        "owner": "NixOS",
        "repo": "nixpkgs",
        "rev": "f61125a668a320878494449750330ca58b78c557",
        "type": "github"
      },
      "original": {
        "owner": "NixOS",
        "ref": "nixos-unstable",
        "repo": "nixpkgs",
        "type": "github"
      }
    },
    "nixpkgs_2": {
      "locked": {
        "lastModified": 1764950072,
        "narHash": "sha256-BmPWzogsG2GsXZtlT+MTcAWeDK5hkbGRZTeZNW42fwA=",
        "owner": "NixOS",
        "repo": "nixpkgs",
        "rev": "f61125a668a320878494449750330ca58b78c557",
        "type": "github"
      },
      "original": {
        "owner": "NixOS",
        "ref": "nixos-unstable",
        "repo": "nixpkgs",
        "type": "github"
      }
    },
    "nmd": {
      "inputs": {
        "nixpkgs": [
          "nix-on-droid",
          "nixpkgs-docs"
        ],
        "scss-reset": "scss-reset"
      },
      "locked": {
        "lastModified": 1705050560,
        "narHash": "sha256-x3zzcdvhJpodsmdjqB4t5mkVW22V3wqHLOun0KRBzUI=",
        "owner": "~rycee",
        "repo": "nmd",
        "rev": "66d9334933119c36f91a78d565c152a4fdc8d3d3",
        "type": "sourcehut"
      },
      "original": {
        "owner": "~rycee",
        "repo": "nmd",
        "type": "sourcehut"
      }
    },
    "nmt": {
      "flake": false,
      "locked": {
        "lastModified": 1648075362,
        "narHash": "sha256-u36WgzoA84dMVsGXzml4wZ5ckGgfnvS0ryzo/3zn/Pc=",
        "owner": "rycee",
        "repo": "nmt",
        "rev": "d83601002c99b78c89ea80e5e6ba21addcfe12ae",
        "type": "gitlab"
      },
      "original": {
        "owner": "rycee",
        "repo": "nmt",
        "type": "gitlab"
      }
    },
    "nur-pkgs": {
      "inputs": {
        "devshell": "devshell_2",
        "devshell-lib": "devshell-lib_2",
        "nix-update": [
          "nix-update"
        ],
        "nixpkgs": "nixpkgs_2"
      },
      "locked": {
        "lastModified": 1765179640,
        "narHash": "sha256-28TLFt7q9KXt3GnS2cAKFHBsgOm6Zn38NmNcgC6NhKw=",
        "owner": "phanirithvij",
        "repo": "nur-packages",
        "rev": "1d12a9f9d1b67d656e0cb7814d92b47ef3473cd0",
        "type": "github"
      },
      "original": {
        "owner": "phanirithvij",
        "ref": "master",
        "repo": "nur-packages",
        "type": "github"
      }
    },
    "oranc": {
      "inputs": {
        "crane": [
          "crane"
        ],
        "flake-parts": [
          "flake-parts"
        ],
        "nixpkgs": [
          "nixpkgs"
        ],
        "treefmt-nix": [
          "treefmt-nix"
        ]
      },
      "locked": {
        "lastModified": 1764952083,
        "narHash": "sha256-Kk4ZRRNKPphlVI2hfCIv0Z/7iV2mssYHvVmkWqvouxQ=",
        "owner": "linyinfeng",
        "repo": "oranc",
        "rev": "8707cd17932f728b2392f2dfd01b6c35861b759a",
        "type": "github"
      },
      "original": {
        "owner": "linyinfeng",
        "ref": "main",
        "repo": "oranc",
        "type": "github"
      }
    },
    "patch2pr": {
      "inputs": {
        "nixpkgs": [
          "nix-patcher",
          "nixpkgs"
        ]
      },
      "locked": {
        "lastModified": 1755838639,
        "narHash": "sha256-ZGB+OpScoLPAI+SHv42aTm40sMQ5fcGs0j9xf+gKOH0=",
        "owner": "phanirithvij",
        "repo": "patch2pr",
        "rev": "19c8162102ef36fe5d68fba68ee244cf0794bbaa",
        "type": "github"
      },
      "original": {
        "owner": "phanirithvij",
        "ref": "use-git",
        "repo": "patch2pr",
        "type": "github"
      }
    },
    "reaction-module": {
      "flake": false,
      "locked": {
        "lastModified": 1764770061,
        "narHash": "sha256-71ZPlPdG5Fp10SL+NTYhwKLCkMKmP9HI+7sj0WqBbvQ=",
        "owner": "phanirithvij",
        "repo": "reaction-nixos",
        "rev": "60b0e520bbb2aaa15fd7f462a55220cc3f10e3bf",
        "type": "github"
      },
      "original": {
        "owner": "phanirithvij",
        "ref": "cfg-valid",
        "repo": "reaction-nixos",
        "type": "github"
      }
    },
    "root": {
      "inputs": {
        "cargo2nix": "cargo2nix",
        "crane": "crane",
        "devshell": "devshell",
        "devshell-lib": "devshell-lib",
        "flake-compat": "flake-compat",
        "flake-parts": "flake-parts",
        "flake-schemas": "flake-schemas",
        "flake-utils": "flake-utils",
        "git-hooks": "git-hooks",
        "home-manager": "home-manager",
        "home-manager-patch-10": "home-manager-patch-10",
        "home-manager-upstream": "home-manager-upstream",
        "hyprland": "hyprland",
        "lazy-apps": "lazy-apps",
        "navi_config": "navi_config",
        "niri": "niri",
        "nix-index-database": "nix-index-database",
        "nix-on-droid": "nix-on-droid",
        "nix-patcher": "nix-patcher",
        "nix-update": "nix-update",
        "nixdroidpkgs": "nixdroidpkgs",
        "nixdroidpkgs-patch-01": "nixdroidpkgs-patch-01",
        "nixdroidpkgs-upstream": "nixdroidpkgs-upstream",
        "nixos-wsl": "nixos-wsl",
        "nixpkgs": "nixpkgs",
        "nixpkgs-patch-385535": "nixpkgs-patch-385535",
        "nixpkgs-patch-419929": "nixpkgs-patch-419929",
        "nixpkgs-patcher": "nixpkgs-patcher",
        "nixpkgs-stable": "nixpkgs-stable",
        "nixpkgs-upstream": "nixpkgs-upstream",
        "nur-pkgs": "nur-pkgs",
        "oranc": "oranc",
        "reaction-module": "reaction-module",
        "rust-overlay": "rust-overlay",
        "sops-nix": "sops-nix",
        "ssh-keys": "ssh-keys",
        "system-manager": "system-manager",
        "systems": "systems_2",
        "treefmt-nix": "treefmt-nix",
        "wrapper-manager": "wrapper-manager"
      }
    },
    "rust-overlay": {
      "inputs": {
        "nixpkgs": [
          "nixpkgs"
        ]
      },
      "locked": {
        "lastModified": 1765161692,
        "narHash": "sha256-XdY9AFzmgRPYIhP4N+WiCHMNxPoifP5/Ld+orMYBD8c=",
        "owner": "oxalica",
        "repo": "rust-overlay",
        "rev": "7ed7e8c74be95906275805db68201e74e9904f07",
        "type": "github"
      },
      "original": {
        "owner": "oxalica",
        "ref": "master",
        "repo": "rust-overlay",
        "type": "github"
      }
    },
    "scss-reset": {
      "flake": false,
      "locked": {
        "lastModified": 1631450058,
        "narHash": "sha256-muDlZJPtXDIGevSEWkicPP0HQ6VtucbkMNygpGlBEUM=",
        "owner": "andreymatin",
        "repo": "scss-reset",
        "rev": "0cf50e27a4e95e9bb5b1715eedf9c54dee1a5a91",
        "type": "github"
      },
      "original": {
        "owner": "andreymatin",
        "repo": "scss-reset",
        "type": "github"
      }
    },
    "sops-nix": {
      "inputs": {
        "nixpkgs": [
          "nixpkgs"
        ]
      },
      "locked": {
        "lastModified": 1765079830,
        "narHash": "sha256-i9GMbBLkeZ7MVvy7+aAuErXkBkdRylHofrAjtpUPKt8=",
        "owner": "Mic92",
        "repo": "sops-nix",
        "rev": "aeb517262102f13683d7a191c7e496b34df8d24c",
        "type": "github"
      },
      "original": {
        "owner": "Mic92",
        "ref": "master",
        "repo": "sops-nix",
        "type": "github"
      }
    },
    "ssh-keys": {
      "flake": false,
      "locked": {
        "narHash": "sha256-lUc/Pm3TqSzNCCCNSINtX0RwWwKxI1xGNbU/VlOe6Ak=",
        "type": "file",
        "url": "https://github.com/phanirithvij.keys"
      },
      "original": {
        "type": "file",
        "url": "https://github.com/phanirithvij.keys"
      }
    },
    "system-manager": {
      "inputs": {
        "nixpkgs": [
          "nixpkgs"
        ]
      },
      "locked": {
        "lastModified": 1764233885,
        "narHash": "sha256-m6etiBLSMajunnbUvEI1Pc/jNu4naImalgQnctVJ1/k=",
        "owner": "numtide",
        "repo": "system-manager",
        "rev": "a0343ab10763fbbfcf8d3b69c8341c18b1b1f215",
        "type": "github"
      },
      "original": {
        "owner": "numtide",
        "ref": "main",
        "repo": "system-manager",
        "type": "github"
      }
    },
    "systems": {
      "locked": {
        "lastModified": 1689347949,
        "narHash": "sha256-12tWmuL2zgBgZkdoB6qXZsgJEH9LR3oUgpaQq2RbI80=",
        "owner": "nix-systems",
        "repo": "default-linux",
        "rev": "31732fcf5e8fea42e59c2488ad31a0e651500f68",
        "type": "github"
      },
      "original": {
        "owner": "nix-systems",
        "repo": "default-linux",
        "type": "github"
      }
    },
    "systems_2": {
      "locked": {
        "lastModified": 1681028828,
        "narHash": "sha256-Vy1rq5AaRuLzOxct8nz4T6wlgyUR7zLU309k9mBC768=",
        "owner": "nix-systems",
        "repo": "default",
        "rev": "da67096a3b9bf56a91d16901293e51ba5b49a27e",
        "type": "github"
      },
      "original": {
        "owner": "nix-systems",
        "ref": "main",
        "repo": "default",
        "type": "github"
      }
    },
    "termux-auth": {
      "flake": false,
      "locked": {
        "lastModified": 1727351185,
        "narHash": "sha256-GbAzu7PPvFZY9zPZBq9XxmNEsbvA4jwvw79pmQ4vAuw=",
        "owner": "termux",
        "repo": "termux-auth",
        "rev": "0bb85b4faa24f4259cfd217ac1865c1b9c4ffc2a",
        "type": "github"
      },
      "original": {
        "owner": "termux",
        "repo": "termux-auth",
        "type": "github"
      }
    },
    "termux-packages": {
      "flake": false,
      "locked": {
        "lastModified": 1761373580,
        "narHash": "sha256-w8+oG+fYTmRrkjcYq9ss59NhKxXza1YfWWtK5EoAJCk=",
        "owner": "termux",
        "repo": "termux-packages",
        "rev": "a7c413ea3c7ada2ec721a836765985f7141b11cd",
        "type": "github"
      },
      "original": {
        "owner": "termux",
        "repo": "termux-packages",
        "type": "github"
      }
    },
    "treefmt-nix": {
      "inputs": {
        "nixpkgs": [
          "nixpkgs"
        ]
      },
      "locked": {
        "lastModified": 1762938485,
        "narHash": "sha256-AlEObg0syDl+Spi4LsZIBrjw+snSVU4T8MOeuZJUJjM=",
        "owner": "numtide",
        "repo": "treefmt-nix",
        "rev": "5b4ee75aeefd1e2d5a1cc43cf6ba65eba75e83e4",
        "type": "github"
      },
      "original": {
        "owner": "numtide",
        "ref": "main",
        "repo": "treefmt-nix",
        "type": "github"
      }
    },
    "wrapper-manager": {
      "locked": {
        "lastModified": 1757156862,
        "narHash": "sha256-OGXsTE5jWhGiFfK6OwMvjksrYSobsIFUSUzKsexCDxY=",
        "owner": "viperML",
        "repo": "wrapper-manager",
        "rev": "801dd9c876fcada046af45543e8c7e0bbccf20ea",
        "type": "github"
      },
      "original": {
        "owner": "viperML",
        "ref": "master",
        "repo": "wrapper-manager",
        "type": "github"
      }
    },
    "xdph": {
      "inputs": {
        "hyprland-protocols": [
          "hyprland",
          "hyprland-protocols"
        ],
        "hyprlang": [
          "hyprland",
          "hyprlang"
        ],
        "hyprutils": [
          "hyprland",
          "hyprutils"
        ],
        "hyprwayland-scanner": [
          "hyprland",
          "hyprwayland-scanner"
        ],
        "nixpkgs": [
          "hyprland",
          "nixpkgs"
        ],
        "systems": [
          "hyprland",
          "systems"
        ]
      },
      "locked": {
        "lastModified": 1761431178,
        "narHash": "sha256-xzjC1CV3+wpUQKNF+GnadnkeGUCJX+vgaWIZsnz9tzI=",
        "owner": "hyprwm",
        "repo": "xdg-desktop-portal-hyprland",
        "rev": "4b8801228ff958d028f588f0c2b911dbf32297f9",
        "type": "github"
      },
      "original": {
        "owner": "hyprwm",
        "repo": "xdg-desktop-portal-hyprland",
        "type": "github"
      }
    },
    "xwayland-satellite-stable": {
      "flake": false,
      "locked": {
        "lastModified": 1755491097,
        "narHash": "sha256-m+9tUfsmBeF2Gn4HWa6vSITZ4Gz1eA1F5Kh62B0N4oE=",
        "owner": "Supreeeme",
        "repo": "xwayland-satellite",
        "rev": "388d291e82ffbc73be18169d39470f340707edaa",
        "type": "github"
      },
      "original": {
        "owner": "Supreeeme",
        "ref": "v0.7",
        "repo": "xwayland-satellite",
        "type": "github"
      }
    },
    "xwayland-satellite-unstable": {
      "flake": false,
      "locked": {
        "lastModified": 1764721075,
        "narHash": "sha256-ChH4nq0cMEEkzkHqKlQt5Z7wxrk8ybcEHuA1YKAYmV0=",
        "owner": "Supreeeme",
        "repo": "xwayland-satellite",
        "rev": "1b918e29b419e89910014054e8b71d54c9235ea5",
        "type": "github"
      },
      "original": {
        "owner": "Supreeeme",
        "repo": "xwayland-satellite",
        "type": "github"
      }
    }
  },
  "root": "root",
  "version": 7
}
