{
  "nodes": {
    "aquamarine": {
      "inputs": {
        "hyprutils": [
          "hyprland",
          "hyprutils"
        ],
        "hyprwayland-scanner": [
          "hyprland",
          "hyprwayland-scanner"
        ],
        "nixpkgs": [
          "hyprland",
          "nixpkgs"
        ],
        "systems": [
          "hyprland",
          "systems"
        ]
      },
      "locked": {
        "lastModified": 1767024902,
        "narHash": "sha256-sMdk6QkMDhIOnvULXKUM8WW8iyi551SWw2i6KQHbrrU=",
        "owner": "hyprwm",
        "repo": "aquamarine",
        "rev": "b8a0c5ba5a9fbd2c660be7dd98bdde0ff3798556",
        "type": "github"
      },
      "original": {
        "owner": "hyprwm",
        "repo": "aquamarine",
        "type": "github"
      }
    },
    "cargo2nix": {
      "inputs": {
        "flake-compat": [
          "flake-compat"
        ],
        "flake-utils": [
          "flake-utils"
        ],
        "nixpkgs": [
          "nixpkgs"
        ],
        "rust-overlay": [
          "rust-overlay"
        ]
      },
      "locked": {
        "lastModified": 1750364353,
        "narHash": "sha256-l06DIwnB4JHwP1isUUXk85F+AHQkUSUyAWnAmRxXICg=",
        "owner": "cargo2nix",
        "repo": "cargo2nix",
        "rev": "a709c74619e1a2b68ed12bb398e12fbe29d69657",
        "type": "github"
      },
      "original": {
        "owner": "cargo2nix",
        "ref": "release-0.12",
        "repo": "cargo2nix",
        "type": "github"
      }
    },
    "crane": {
      "locked": {
        "lastModified": 1767461147,
        "narHash": "sha256-TH/xTeq/RI+DOzo+c+4F431eVuBpYVwQwBxzURe7kcI=",
        "owner": "ipetkov",
        "repo": "crane",
        "rev": "7d59256814085fd9666a2ae3e774dc5ee216b630",
        "type": "github"
      },
      "original": {
        "owner": "ipetkov",
        "ref": "master",
        "repo": "crane",
        "type": "github"
      }
    },
    "devshell": {
      "inputs": {
        "nixpkgs": [
          "nixpkgs"
        ]
      },
      "locked": {
        "lastModified": 1764011051,
        "narHash": "sha256-M7SZyPZiqZUR/EiiBJnmyUbOi5oE/03tCeFrTiUZchI=",
        "owner": "numtide",
        "repo": "devshell",
        "rev": "17ed8d9744ebe70424659b0ef74ad6d41fc87071",
        "type": "github"
      },
      "original": {
        "owner": "numtide",
        "ref": "main",
        "repo": "devshell",
        "type": "github"
      }
    },
    "devshell-lib": {
      "flake": false,
      "locked": {
        "lastModified": 1756280941,
        "narHash": "sha256-QJrcAvSUaFU5Lns/D3px1oEIiANNmVp9o1hLlMQuG/w=",
        "owner": "phanirithvij",
        "repo": "nix-shell-templates",
        "rev": "1b798f537fb8ff6b7c331371f80924bc0a6564f1",
        "type": "github"
      },
      "original": {
        "owner": "phanirithvij",
        "ref": "main",
        "repo": "nix-shell-templates",
        "type": "github"
      }
    },
    "devshell-lib_2": {
      "flake": false,
      "locked": {
        "lastModified": 1756280941,
        "narHash": "sha256-QJrcAvSUaFU5Lns/D3px1oEIiANNmVp9o1hLlMQuG/w=",
        "owner": "phanirithvij",
        "repo": "nix-shell-templates",
        "rev": "1b798f537fb8ff6b7c331371f80924bc0a6564f1",
        "type": "github"
      },
      "original": {
        "owner": "phanirithvij",
        "ref": "main",
        "repo": "nix-shell-templates",
        "type": "github"
      }
    },
    "devshell_2": {
      "inputs": {
        "nixpkgs": [
          "nur-pkgs",
          "nixpkgs"
        ]
      },
      "locked": {
        "lastModified": 1764011051,
        "narHash": "sha256-M7SZyPZiqZUR/EiiBJnmyUbOi5oE/03tCeFrTiUZchI=",
        "owner": "numtide",
        "repo": "devshell",
        "rev": "17ed8d9744ebe70424659b0ef74ad6d41fc87071",
        "type": "github"
      },
      "original": {
        "owner": "numtide",
        "ref": "main",
        "repo": "devshell",
        "type": "github"
      }
    },
    "flake-compat": {
      "flake": false,
      "locked": {
        "lastModified": 1767039857,
        "narHash": "sha256-vNpUSpF5Nuw8xvDLj2KCwwksIbjua2LZCqhV1LNRDns=",
        "owner": "edolstra",
        "repo": "flake-compat",
        "rev": "5edf11c44bc78a0d334f6334cdaf7d60d732daab",
        "type": "github"
      },
      "original": {
        "owner": "edolstra",
        "ref": "master",
        "repo": "flake-compat",
        "type": "github"
      }
    },
    "flake-compat_2": {
      "flake": false,
      "locked": {
        "lastModified": 1765121682,
        "narHash": "sha256-4VBOP18BFeiPkyhy9o4ssBNQEvfvv1kXkasAYd0+rrA=",
        "owner": "edolstra",
        "repo": "flake-compat",
        "rev": "65f23138d8d09a92e30f1e5c87611b23ef451bf3",
        "type": "github"
      },
      "original": {
        "owner": "edolstra",
        "repo": "flake-compat",
        "type": "github"
      }
    },
    "flake-parts": {
      "inputs": {
        "nixpkgs-lib": [
          "nixpkgs"
        ]
      },
      "locked": {
        "lastModified": 1765835352,
        "narHash": "sha256-XswHlK/Qtjasvhd1nOa1e8MgZ8GS//jBoTqWtrS1Giw=",
        "owner": "hercules-ci",
        "repo": "flake-parts",
        "rev": "a34fae9c08a15ad73f295041fec82323541400a9",
        "type": "github"
      },
      "original": {
        "owner": "hercules-ci",
        "ref": "main",
        "repo": "flake-parts",
        "type": "github"
      }
    },
    "flake-schemas": {
      "locked": {
        "lastModified": 1765542151,
        "narHash": "sha256-rzv+NVnOcr9pzd8RnvTscwAHAZmD8FLgxEEmHP1xGTA=",
        "owner": "DeterminateSystems",
        "repo": "flake-schemas",
        "rev": "6f53c45897ef6d9e1f39e8ca9611571ac4aa4f17",
        "type": "github"
      },
      "original": {
        "owner": "DeterminateSystems",
        "ref": "main",
        "repo": "flake-schemas",
        "type": "github"
      }
    },
    "flake-utils": {
      "inputs": {
        "systems": [
          "systems"
        ]
      },
      "locked": {
        "lastModified": 1731533236,
        "narHash": "sha256-l0KFg5HjrsfsO/JpG+r7fRrqm12kzFHyUHqHCVpMMbI=",
        "owner": "numtide",
        "repo": "flake-utils",
        "rev": "11707dc2f618dd54ca8739b309ec4fc024de578b",
        "type": "github"
      },
      "original": {
        "owner": "numtide",
        "ref": "main",
        "repo": "flake-utils",
        "type": "github"
      }
    },
    "git-hooks": {
      "inputs": {
        "flake-compat": [
          "flake-compat"
        ],
        "gitignore": "gitignore",
        "nixpkgs": [
          "nixpkgs"
        ]
      },
      "locked": {
        "lastModified": 1767281941,
        "narHash": "sha256-6MkqajPICgugsuZ92OMoQcgSHnD6sJHwk8AxvMcIgTE=",
        "owner": "cachix",
        "repo": "git-hooks.nix",
        "rev": "f0927703b7b1c8d97511c4116eb9b4ec6645a0fa",
        "type": "github"
      },
      "original": {
        "owner": "cachix",
        "ref": "master",
        "repo": "git-hooks.nix",
        "type": "github"
      }
    },
    "gitignore": {
      "inputs": {
        "nixpkgs": [
          "git-hooks",
          "nixpkgs"
        ]
      },
      "locked": {
        "lastModified": 1709087332,
        "narHash": "sha256-HG2cCnktfHsKV0s4XW83gU3F57gaTljL9KNSuG6bnQs=",
        "owner": "hercules-ci",
        "repo": "gitignore.nix",
        "rev": "637db329424fd7e46cf4185293b9cc8c88c95394",
        "type": "github"
      },
      "original": {
        "owner": "hercules-ci",
        "repo": "gitignore.nix",
        "type": "github"
      }
    },
    "home-manager": {
      "inputs": {
        "nixpkgs": [
          "nixpkgs"
        ]
      },
      "locked": {
        "lastModified": 1757406334,
        "narHash": "sha256-kn8Fh3lR/0g2Tk7eKAFYIrfT5BDdkFmkWFB1ZAIzsYQ=",
        "owner": "phanirithvij",
        "repo": "home-manager",
        "rev": "39411a6595ac9799103eeb782bb7ad503fe7c1e2",
        "type": "github"
      },
      "original": {
        "owner": "phanirithvij",
        "ref": "patched",
        "repo": "home-manager",
        "type": "github"
      }
    },
    "home-manager-patch-10": {
      "flake": false,
      "locked": {
        "path": "home/patches/docs-manpages-parallel.patch",
        "type": "path"
      },
      "original": {
        "path": "home/patches/docs-manpages-parallel.patch",
        "type": "path"
      },
      "parent": []
    },
    "home-manager-upstream": {
      "inputs": {
        "nixpkgs": [
          "nixpkgs"
        ]
      },
      "locked": {
        "lastModified": 1767525999,
        "narHash": "sha256-1E9xlYlyl3EnUrwxoaJMTK7dFrC2llL/TJ+T4xIcXDY=",
        "owner": "nix-community",
        "repo": "home-manager",
        "rev": "7d5927b63cea63deb655b3e8421ae17ebb9feac2",
        "type": "github"
      },
      "original": {
        "owner": "nix-community",
        "ref": "master",
        "repo": "home-manager",
        "type": "github"
      }
    },
    "hyprcursor": {
      "inputs": {
        "hyprlang": [
          "hyprland",
          "hyprlang"
        ],
        "nixpkgs": [
          "hyprland",
          "nixpkgs"
        ],
        "systems": [
          "hyprland",
          "systems"
        ]
      },
      "locked": {
        "lastModified": 1753964049,
        "narHash": "sha256-lIqabfBY7z/OANxHoPeIrDJrFyYy9jAM4GQLzZ2feCM=",
        "owner": "hyprwm",
        "repo": "hyprcursor",
        "rev": "44e91d467bdad8dcf8bbd2ac7cf49972540980a5",
        "type": "github"
      },
      "original": {
        "owner": "hyprwm",
        "repo": "hyprcursor",
        "type": "github"
      }
    },
    "hyprgraphics": {
      "inputs": {
        "hyprutils": [
          "hyprland",
          "hyprutils"
        ],
        "nixpkgs": [
          "hyprland",
          "nixpkgs"
        ],
        "systems": [
          "hyprland",
          "systems"
        ]
      },
      "locked": {
        "lastModified": 1766946335,
        "narHash": "sha256-MRD+Jr2bY11MzNDfenENhiK6pvN+nHygxdHoHbZ1HtE=",
        "owner": "hyprwm",
        "repo": "hyprgraphics",
        "rev": "4af02a3925b454deb1c36603843da528b67ded6c",
        "type": "github"
      },
      "original": {
        "owner": "hyprwm",
        "repo": "hyprgraphics",
        "type": "github"
      }
    },
    "hyprland": {
      "inputs": {
        "aquamarine": "aquamarine",
        "hyprcursor": "hyprcursor",
        "hyprgraphics": "hyprgraphics",
        "hyprland-guiutils": "hyprland-guiutils",
        "hyprland-protocols": "hyprland-protocols",
        "hyprlang": "hyprlang",
        "hyprutils": "hyprutils",
        "hyprwayland-scanner": "hyprwayland-scanner",
        "hyprwire": "hyprwire",
        "nixpkgs": [
          "nixpkgs"
        ],
        "pre-commit-hooks": [
          "git-hooks"
        ],
        "systems": "systems",
        "xdph": "xdph"
      },
      "locked": {
        "lastModified": 1767523459,
        "narHash": "sha256-ZxwcxWr/TBp6ulk7SncpHIPxhl513cVhf16F74alfik=",
        "ref": "refs/heads/main",
        "rev": "0b3b012817ca381e40754cb4408e5c0cd3a2c732",
        "revCount": 6774,
        "submodules": true,
        "type": "git",
        "url": "https://github.com/hyprwm/Hyprland.git"
      },
      "original": {
        "submodules": true,
        "type": "git",
        "url": "https://github.com/hyprwm/Hyprland.git"
      }
    },
    "hyprland-guiutils": {
      "inputs": {
        "aquamarine": [
          "hyprland",
          "aquamarine"
        ],
        "hyprgraphics": [
          "hyprland",
          "hyprgraphics"
        ],
        "hyprlang": [
          "hyprland",
          "hyprlang"
        ],
        "hyprtoolkit": "hyprtoolkit",
        "hyprutils": [
          "hyprland",
          "hyprutils"
        ],
        "hyprwayland-scanner": [
          "hyprland",
          "hyprwayland-scanner"
        ],
        "nixpkgs": [
          "hyprland",
          "nixpkgs"
        ],
        "systems": [
          "hyprland",
          "systems"
        ]
      },
      "locked": {
        "lastModified": 1767023960,
        "narHash": "sha256-R2HgtVS1G3KSIKAQ77aOZ+Q0HituOmPgXW9nBNkpp3Q=",
        "owner": "hyprwm",
        "repo": "hyprland-guiutils",
        "rev": "c2e906261142f5dd1ee0bfc44abba23e2754c660",
        "type": "github"
      },
      "original": {
        "owner": "hyprwm",
        "repo": "hyprland-guiutils",
        "type": "github"
      }
    },
    "hyprland-protocols": {
      "inputs": {
        "nixpkgs": [
          "hyprland",
          "nixpkgs"
        ],
        "systems": [
          "hyprland",
          "systems"
        ]
      },
      "locked": {
        "lastModified": 1765214753,
        "narHash": "sha256-P9zdGXOzToJJgu5sVjv7oeOGPIIwrd9hAUAP3PsmBBs=",
        "owner": "hyprwm",
        "repo": "hyprland-protocols",
        "rev": "3f3860b869014c00e8b9e0528c7b4ddc335c21ab",
        "type": "github"
      },
      "original": {
        "owner": "hyprwm",
        "repo": "hyprland-protocols",
        "type": "github"
      }
    },
    "hyprlang": {
      "inputs": {
        "hyprutils": [
          "hyprland",
          "hyprutils"
        ],
        "nixpkgs": [
          "hyprland",
          "nixpkgs"
        ],
        "systems": [
          "hyprland",
          "systems"
        ]
      },
      "locked": {
        "lastModified": 1764612430,
        "narHash": "sha256-54ltTSbI6W+qYGMchAgCR6QnC1kOdKXN6X6pJhOWxFg=",
        "owner": "hyprwm",
        "repo": "hyprlang",
        "rev": "0d00dc118981531aa731150b6ea551ef037acddd",
        "type": "github"
      },
      "original": {
        "owner": "hyprwm",
        "repo": "hyprlang",
        "type": "github"
      }
    },
    "hyprtoolkit": {
      "inputs": {
        "aquamarine": [
          "hyprland",
          "hyprland-guiutils",
          "aquamarine"
        ],
        "hyprgraphics": [
          "hyprland",
          "hyprland-guiutils",
          "hyprgraphics"
        ],
        "hyprlang": [
          "hyprland",
          "hyprland-guiutils",
          "hyprlang"
        ],
        "hyprutils": [
          "hyprland",
          "hyprland-guiutils",
          "hyprutils"
        ],
        "hyprwayland-scanner": [
          "hyprland",
          "hyprland-guiutils",
          "hyprwayland-scanner"
        ],
        "nixpkgs": [
          "hyprland",
          "hyprland-guiutils",
          "nixpkgs"
        ],
        "systems": [
          "hyprland",
          "hyprland-guiutils",
          "systems"
        ]
      },
      "locked": {
        "lastModified": 1764592794,
        "narHash": "sha256-7CcO+wbTJ1L1NBQHierHzheQGPWwkIQug/w+fhTAVuU=",
        "owner": "hyprwm",
        "repo": "hyprtoolkit",
        "rev": "5cfe0743f0e608e1462972303778d8a0859ee63e",
        "type": "github"
      },
      "original": {
        "owner": "hyprwm",
        "repo": "hyprtoolkit",
        "type": "github"
      }
    },
    "hyprutils": {
      "inputs": {
        "nixpkgs": [
          "hyprland",
          "nixpkgs"
        ],
        "systems": [
          "hyprland",
          "systems"
        ]
      },
      "locked": {
        "lastModified": 1766253372,
        "narHash": "sha256-1+p4Kw8HdtMoFSmJtfdwjxM4bPxDK9yg27SlvUMpzWA=",
        "owner": "hyprwm",
        "repo": "hyprutils",
        "rev": "51a4f93ce8572e7b12b7284eb9e6e8ebf16b4be9",
        "type": "github"
      },
      "original": {
        "owner": "hyprwm",
        "repo": "hyprutils",
        "type": "github"
      }
    },
    "hyprwayland-scanner": {
      "inputs": {
        "nixpkgs": [
          "hyprland",
          "nixpkgs"
        ],
        "systems": [
          "hyprland",
          "systems"
        ]
      },
      "locked": {
        "lastModified": 1763640274,
        "narHash": "sha256-Uan1Nl9i4TF/kyFoHnTq1bd/rsWh4GAK/9/jDqLbY5A=",
        "owner": "hyprwm",
        "repo": "hyprwayland-scanner",
        "rev": "f6cf414ca0e16a4d30198fd670ec86df3c89f671",
        "type": "github"
      },
      "original": {
        "owner": "hyprwm",
        "repo": "hyprwayland-scanner",
        "type": "github"
      }
    },
    "hyprwire": {
      "inputs": {
        "hyprutils": [
          "hyprland",
          "hyprutils"
        ],
        "nixpkgs": [
          "hyprland",
          "nixpkgs"
        ],
        "systems": [
          "hyprland",
          "systems"
        ]
      },
      "locked": {
        "lastModified": 1767473322,
        "narHash": "sha256-RGOeG+wQHeJ6BKcsSB8r0ZU77g9mDvoQzoTKj2dFHwA=",
        "owner": "hyprwm",
        "repo": "hyprwire",
        "rev": "d5e7d6b49fe780353c1cf9a1cf39fa8970bd9d11",
        "type": "github"
      },
      "original": {
        "owner": "hyprwm",
        "repo": "hyprwire",
        "type": "github"
      }
    },
    "lazy-apps": {
      "inputs": {
        "nixpkgs": [
          "nixpkgs"
        ],
        "pre-commit-hooks": [
          "git-hooks"
        ]
      },
      "locked": {
        "lastModified": 1765130494,
        "narHash": "sha256-3U87bUzrRfo59ciATj016CIgg21WKh8L6oYDitarpgg=",
        "owner": "phanirithvij",
        "repo": "lazy-apps",
        "rev": "116fa1b4e9c75e28162936a17feaf357082966fc",
        "type": "github"
      },
      "original": {
        "owner": "phanirithvij",
        "ref": "master",
        "repo": "lazy-apps",
        "type": "github"
      }
    },
    "navi_config": {
      "flake": false,
      "locked": {
        "lastModified": 1754889805,
        "narHash": "sha256-RdASnVzqQEJLLC6EpriBDlcrFdcNyI/YciDD/tVlPk4=",
        "owner": "phanirithvij",
        "repo": "navi",
        "rev": "eab2397de98cf615d0620cc709f4a546ba630efe",
        "type": "github"
      },
      "original": {
        "owner": "phanirithvij",
        "ref": "main",
        "repo": "navi",
        "type": "github"
      }
    },
    "niri": {
      "inputs": {
        "niri-stable": "niri-stable",
        "niri-unstable": "niri-unstable",
        "nixpkgs": [
          "nixpkgs"
        ],
        "nixpkgs-stable": [
          "nixpkgs-stable"
        ],
        "xwayland-satellite-stable": "xwayland-satellite-stable",
        "xwayland-satellite-unstable": "xwayland-satellite-unstable"
      },
      "locked": {
        "lastModified": 1767377696,
        "narHash": "sha256-OShXLsMyF9hxmiID1p4QF+ekqreViHM9105ej05S2uI=",
        "owner": "sodiboo",
        "repo": "niri-flake",
        "rev": "ba6ea712dc2da0b01c6a8d02dd9e86973663e4de",
        "type": "github"
      },
      "original": {
        "owner": "sodiboo",
        "ref": "main",
        "repo": "niri-flake",
        "type": "github"
      }
    },
    "niri-stable": {
      "flake": false,
      "locked": {
        "lastModified": 1756556321,
        "narHash": "sha256-RLD89dfjN0RVO86C/Mot0T7aduCygPGaYbog566F0Qo=",
        "owner": "YaLTeR",
        "repo": "niri",
        "rev": "01be0e65f4eb91a9cd624ac0b76aaeab765c7294",
        "type": "github"
      },
      "original": {
        "owner": "YaLTeR",
        "ref": "v25.08",
        "repo": "niri",
        "type": "github"
      }
    },
    "niri-unstable": {
      "flake": false,
      "locked": {
        "lastModified": 1767160009,
        "narHash": "sha256-aTj88rDBdhmzaGXoFPOsHjXYM2OjNttixsGftT/X0dI=",
        "owner": "YaLTeR",
        "repo": "niri",
        "rev": "cf0b4bc0ca93ab5c18b562ada1d8609b67b3c4e3",
        "type": "github"
      },
      "original": {
        "owner": "YaLTeR",
        "repo": "niri",
        "type": "github"
      }
    },
    "nix-formatter-pack": {
      "inputs": {
        "nixpkgs": [
          "nix-on-droid",
          "nixpkgs"
        ],
        "nmd": [
          "nix-on-droid",
          "nmd"
        ],
        "nmt": "nmt"
      },
      "locked": {
        "lastModified": 1705252799,
        "narHash": "sha256-HgSTREh7VoXjGgNDwKQUYcYo13rPkltW7IitHrTPA5c=",
        "owner": "Gerschtli",
        "repo": "nix-formatter-pack",
        "rev": "2de39dedd79aab14c01b9e2934842051a160ffa5",
        "type": "github"
      },
      "original": {
        "owner": "Gerschtli",
        "repo": "nix-formatter-pack",
        "type": "github"
      }
    },
    "nix-index-database": {
      "inputs": {
        "nixpkgs": [
          "nixpkgs"
        ]
      },
      "locked": {
        "lastModified": 1765267181,
        "narHash": "sha256-d3NBA9zEtBu2JFMnTBqWj7Tmi7R5OikoU2ycrdhQEws=",
        "owner": "nix-community",
        "repo": "nix-index-database",
        "rev": "82befcf7dc77c909b0f2a09f5da910ec95c5b78f",
        "type": "github"
      },
      "original": {
        "owner": "nix-community",
        "ref": "main",
        "repo": "nix-index-database",
        "type": "github"
      }
    },
    "nix-on-droid": {
      "inputs": {
        "home-manager": [
          "home-manager"
        ],
        "nix-formatter-pack": "nix-formatter-pack",
        "nixpkgs": [
          "nixpkgs"
        ],
        "nixpkgs-docs": "nixpkgs-docs",
        "nixpkgs-for-bootstrap": "nixpkgs-for-bootstrap",
        "nmd": "nmd"
      },
      "locked": {
        "lastModified": 1765031149,
        "narHash": "sha256-4ZtlnCp4blhsjGnQIxAXDAj7nCJKy7tozoBRtklmwcU=",
        "owner": "nix-community",
        "repo": "nix-on-droid",
        "rev": "55b6449b4582a4ba3ce712543c973360a026db7d",
        "type": "github"
      },
      "original": {
        "owner": "nix-community",
        "ref": "master",
        "repo": "nix-on-droid",
        "type": "github"
      }
    },
    "nix-patcher": {
      "inputs": {
        "nixpkgs": [
          "nixpkgs"
        ],
        "patch2pr": "patch2pr"
      },
      "locked": {
        "lastModified": 1767613048,
        "narHash": "sha256-9dycmnrQNdaz1I0zKDB6pf64xVwpRAX2R3j0V5uotVE=",
        "owner": "phanirithvij",
        "repo": "nix-patcher",
        "rev": "45f82111dd839a1fe9315ec3cdc887faa71a55e9",
        "type": "github"
      },
      "original": {
        "owner": "phanirithvij",
        "ref": "main",
        "repo": "nix-patcher",
        "type": "github"
      }
    },
    "nix-update": {
      "inputs": {
        "flake-parts": [
          "flake-parts"
        ],
        "nixpkgs": [
          "nixpkgs"
        ],
        "treefmt-nix": [
          "treefmt-nix"
        ]
      },
      "locked": {
        "lastModified": 1767498301,
        "narHash": "sha256-nquWsL5Nu4em6Jf0HrS70bGOiqxGP20gRSXJKMhnedI=",
        "owner": "Mic92",
        "repo": "nix-update",
        "rev": "dca974b8e6d3155e64a76d8e92f33e0d7e5f52f6",
        "type": "github"
      },
      "original": {
        "owner": "Mic92",
        "ref": "main",
        "repo": "nix-update",
        "type": "github"
      }
    },
    "nixdroidpkgs": {
      "inputs": {
        "nixpkgs": [
          "nixpkgs"
        ],
        "termux-auth": "termux-auth",
        "termux-packages": "termux-packages"
      },
      "locked": {
        "lastModified": 1765450076,
        "narHash": "sha256-o5QtvUJ1/sXGC12ReVjEwGIs6iQjkI3Kua3V/C8Pxro=",
        "owner": "horriblename",
        "repo": "nixdroidpkgs",
        "rev": "78461adf8d5a6d6188dba68f243727227bf8faff",
        "type": "github"
      },
      "original": {
        "owner": "horriblename",
        "ref": "main",
        "repo": "nixdroidpkgs",
        "type": "github"
      }
    },
    "nixos-wsl": {
      "inputs": {
        "flake-compat": "flake-compat_2",
        "nixpkgs": [
          "nixpkgs"
        ]
      },
      "locked": {
        "lastModified": 1765841014,
        "narHash": "sha256-55V0AJ36V5Egh4kMhWtDh117eE3GOjwq5LhwxDn9eHg=",
        "owner": "nix-community",
        "repo": "NixOS-WSL",
        "rev": "be4af8042e7a61fa12fda58fe9a3b3babdefe17b",
        "type": "github"
      },
      "original": {
        "owner": "nix-community",
        "ref": "main",
        "repo": "NixOS-WSL",
        "type": "github"
      }
    },
    "nixpkgs": {
      "locked": {
        "lastModified": 1767955624,
        "narHash": "sha256-GSsKcLRwk69j8GAF6SJeRnsC1H9pgpG7vlKvE06gCe4=",
        "owner": "phanirithvij",
        "repo": "nixpkgs",
        "rev": "dcc3e9bbc5757218c9664b8792826e0c437fc3c6",
        "type": "github"
      },
      "original": {
        "owner": "phanirithvij",
        "ref": "nixos-patched",
        "repo": "nixpkgs",
        "type": "github"
      }
    },
    "nixpkgs-docs": {
      "locked": {
        "lastModified": 1705957679,
        "narHash": "sha256-Q8LJaVZGJ9wo33wBafvZSzapYsjOaNjP/pOnSiKVGHY=",
        "owner": "NixOS",
        "repo": "nixpkgs",
        "rev": "9a333eaa80901efe01df07eade2c16d183761fa3",
        "type": "github"
      },
      "original": {
        "owner": "NixOS",
        "ref": "release-23.05",
        "repo": "nixpkgs",
        "type": "github"
      }
    },
    "nixpkgs-for-bootstrap": {
      "locked": {
        "lastModified": 1720244366,
        "narHash": "sha256-WrDV0FPMVd2Sq9hkR5LNHudS3OSMmUrs90JUTN+MXpA=",
        "owner": "NixOS",
        "repo": "nixpkgs",
        "rev": "49ee0e94463abada1de470c9c07bfc12b36dcf40",
        "type": "github"
      },
      "original": {
        "owner": "NixOS",
        "repo": "nixpkgs",
        "rev": "49ee0e94463abada1de470c9c07bfc12b36dcf40",
        "type": "github"
      }
    },
    "nixpkgs-patcher": {
      "locked": {
        "lastModified": 1755771249,
        "narHash": "sha256-i7smdU4QRlBxztu8BE65EAiqBsRQq1HK0D5SkYeAL0o=",
        "owner": "phanirithvij",
        "repo": "nixpkgs-patcher",
        "rev": "1b2f5a0d51ab51e57948979ace933da28814f579",
        "type": "github"
      },
      "original": {
        "owner": "phanirithvij",
        "ref": "main",
        "repo": "nixpkgs-patcher",
        "type": "github"
      }
    },
    "nixpkgs-stable": {
      "locked": {
        "lastModified": 1767051569,
        "narHash": "sha256-0MnuWoN+n1UYaGBIpqpPs9I9ZHW4kynits4mrnh1Pk4=",
        "owner": "NixOS",
        "repo": "nixpkgs",
        "rev": "40ee5e1944bebdd128f9fbada44faefddfde29bd",
        "type": "github"
      },
      "original": {
        "owner": "NixOS",
        "ref": "nixos-25.05",
        "repo": "nixpkgs",
        "type": "github"
      }
    },
    "nixpkgs-upstream": {
      "locked": {
        "lastModified": 1767379071,
        "narHash": "sha256-EgE0pxsrW9jp9YFMkHL9JMXxcqi/OoumPJYwf+Okucw=",
        "owner": "NixOS",
        "repo": "nixpkgs",
        "rev": "fb7944c166a3b630f177938e478f0378e64ce108",
        "type": "github"
      },
      "original": {
        "owner": "NixOS",
        "ref": "nixos-unstable",
        "repo": "nixpkgs",
        "type": "github"
      }
    },
    "nixpkgs_2": {
      "locked": {
        "lastModified": 1767364772,
        "narHash": "sha256-fFUnEYMla8b7UKjijLnMe+oVFOz6HjijGGNS1l7dYaQ=",
        "owner": "NixOS",
        "repo": "nixpkgs",
        "rev": "16c7794d0a28b5a37904d55bcca36003b9109aaa",
        "type": "github"
      },
      "original": {
        "owner": "NixOS",
        "ref": "nixpkgs-unstable",
        "repo": "nixpkgs",
        "type": "github"
      }
    },
    "nmd": {
      "inputs": {
        "nixpkgs": [
          "nix-on-droid",
          "nixpkgs-docs"
        ],
        "scss-reset": "scss-reset"
      },
      "locked": {
        "lastModified": 1705050560,
        "narHash": "sha256-x3zzcdvhJpodsmdjqB4t5mkVW22V3wqHLOun0KRBzUI=",
        "owner": "~rycee",
        "repo": "nmd",
        "rev": "66d9334933119c36f91a78d565c152a4fdc8d3d3",
        "type": "sourcehut"
      },
      "original": {
        "owner": "~rycee",
        "repo": "nmd",
        "type": "sourcehut"
      }
    },
    "nmt": {
      "flake": false,
      "locked": {
        "lastModified": 1648075362,
        "narHash": "sha256-u36WgzoA84dMVsGXzml4wZ5ckGgfnvS0ryzo/3zn/Pc=",
        "owner": "rycee",
        "repo": "nmt",
        "rev": "d83601002c99b78c89ea80e5e6ba21addcfe12ae",
        "type": "gitlab"
      },
      "original": {
        "owner": "rycee",
        "repo": "nmt",
        "type": "gitlab"
      }
    },
    "nur-pkgs": {
      "inputs": {
        "devshell": "devshell_2",
        "devshell-lib": "devshell-lib_2",
        "nix-update": [
          "nix-update"
        ],
        "nixpkgs": "nixpkgs_2"
      },
      "locked": {
        "lastModified": 1767856765,
        "narHash": "sha256-ylFbBLZSu3pKFJgafJjzkU2KgQ8ya52GysAEWpP/2Pw=",
        "owner": "phanirithvij",
        "repo": "nur-packages",
        "rev": "4bdcb84a20d44281473f5cf8700046ecc6be236a",
        "type": "github"
      },
      "original": {
        "owner": "phanirithvij",
        "ref": "master",
        "repo": "nur-packages",
        "type": "github"
      }
    },
    "oranc": {
      "inputs": {
        "crane": [
          "crane"
        ],
        "flake-parts": [
          "flake-parts"
        ],
        "nixpkgs": [
          "nixpkgs"
        ],
        "treefmt-nix": [
          "treefmt-nix"
        ]
      },
      "locked": {
        "lastModified": 1767371217,
        "narHash": "sha256-n/8V2aXRNrJVNNuGP8B38b+7wXC7nu/wZY6Pz4AcQ5M=",
        "owner": "linyinfeng",
        "repo": "oranc",
        "rev": "93bf12dfa3846059a5ff12ebfdac4cfdc52e1be2",
        "type": "github"
      },
      "original": {
        "owner": "linyinfeng",
        "ref": "main",
        "repo": "oranc",
        "type": "github"
      }
    },
    "patch2pr": {
      "inputs": {
        "nixpkgs": [
          "nix-patcher",
          "nixpkgs"
        ]
      },
      "locked": {
        "lastModified": 1767613016,
        "narHash": "sha256-FvF/DCwnwZf9tDFILVjQ4MiaTiYCfFhMhAvEu9vD6Tc=",
        "owner": "phanirithvij",
        "repo": "patch2pr",
        "rev": "2cee9645d2a77093b7d8ac260cb4f8acb7753bc5",
        "type": "github"
      },
      "original": {
        "owner": "phanirithvij",
        "ref": "use-git",
        "repo": "patch2pr",
        "type": "github"
      }
    },
    "root": {
      "inputs": {
        "cargo2nix": "cargo2nix",
        "crane": "crane",
        "devshell": "devshell",
        "devshell-lib": "devshell-lib",
        "flake-compat": "flake-compat",
        "flake-parts": "flake-parts",
        "flake-schemas": "flake-schemas",
        "flake-utils": "flake-utils",
        "git-hooks": "git-hooks",
        "home-manager": "home-manager",
        "home-manager-patch-10": "home-manager-patch-10",
        "home-manager-upstream": "home-manager-upstream",
        "hyprland": "hyprland",
        "lazy-apps": "lazy-apps",
        "navi_config": "navi_config",
        "niri": "niri",
        "nix-index-database": "nix-index-database",
        "nix-on-droid": "nix-on-droid",
        "nix-patcher": "nix-patcher",
        "nix-update": "nix-update",
        "nixdroidpkgs": "nixdroidpkgs",
        "nixos-wsl": "nixos-wsl",
        "nixpkgs": "nixpkgs",
        "nixpkgs-patcher": "nixpkgs-patcher",
        "nixpkgs-stable": "nixpkgs-stable",
        "nixpkgs-upstream": "nixpkgs-upstream",
        "nur-pkgs": "nur-pkgs",
        "oranc": "oranc",
        "rust-overlay": "rust-overlay",
        "sops-nix": "sops-nix",
        "ssh-keys": "ssh-keys",
        "system-manager": "system-manager",
        "systems": "systems_2",
        "treefmt-nix": "treefmt-nix",
        "wrapper-manager": "wrapper-manager"
      }
    },
    "rust-overlay": {
      "inputs": {
        "nixpkgs": [
          "nixpkgs"
        ]
      },
      "locked": {
        "lastModified": 1767495280,
        "narHash": "sha256-hEEgtE/RSRigw8xscchGymf/t1nluZwTfru4QF6O1CQ=",
        "owner": "oxalica",
        "repo": "rust-overlay",
        "rev": "cb24c5cc207ba8e9a4ce245eedd2d37c3a988bc1",
        "type": "github"
      },
      "original": {
        "owner": "oxalica",
        "ref": "master",
        "repo": "rust-overlay",
        "type": "github"
      }
    },
    "scss-reset": {
      "flake": false,
      "locked": {
        "lastModified": 1631450058,
        "narHash": "sha256-muDlZJPtXDIGevSEWkicPP0HQ6VtucbkMNygpGlBEUM=",
        "owner": "andreymatin",
        "repo": "scss-reset",
        "rev": "0cf50e27a4e95e9bb5b1715eedf9c54dee1a5a91",
        "type": "github"
      },
      "original": {
        "owner": "andreymatin",
        "repo": "scss-reset",
        "type": "github"
      }
    },
    "sops-nix": {
      "inputs": {
        "nixpkgs": [
          "nixpkgs"
        ]
      },
      "locked": {
        "lastModified": 1767499857,
        "narHash": "sha256-0zUU/PW09d6oBaR8x8vMHcAhg1MOvo3CwoXgHijzzNE=",
        "owner": "Mic92",
        "repo": "sops-nix",
        "rev": "ecc41505948ec2ab0325f14c9862a4329c2b4190",
        "type": "github"
      },
      "original": {
        "owner": "Mic92",
        "ref": "master",
        "repo": "sops-nix",
        "type": "github"
      }
    },
    "ssh-keys": {
      "flake": false,
      "locked": {
        "narHash": "sha256-lUc/Pm3TqSzNCCCNSINtX0RwWwKxI1xGNbU/VlOe6Ak=",
        "type": "file",
        "url": "https://github.com/phanirithvij.keys"
      },
      "original": {
        "type": "file",
        "url": "https://github.com/phanirithvij.keys"
      }
    },
    "system-manager": {
      "inputs": {
        "nixpkgs": [
          "nixpkgs"
        ]
      },
      "locked": {
        "lastModified": 1767122467,
        "narHash": "sha256-0ZraYDfulnl9ASHFK8a346QTomTblVdMbjx+X/jSDYI=",
        "owner": "numtide",
        "repo": "system-manager",
        "rev": "4434112dedfc1fc6b40daecd5554cbfc428b95db",
        "type": "github"
      },
      "original": {
        "owner": "numtide",
        "ref": "main",
        "repo": "system-manager",
        "type": "github"
      }
    },
    "systems": {
      "locked": {
        "lastModified": 1689347949,
        "narHash": "sha256-12tWmuL2zgBgZkdoB6qXZsgJEH9LR3oUgpaQq2RbI80=",
        "owner": "nix-systems",
        "repo": "default-linux",
        "rev": "31732fcf5e8fea42e59c2488ad31a0e651500f68",
        "type": "github"
      },
      "original": {
        "owner": "nix-systems",
        "repo": "default-linux",
        "type": "github"
      }
    },
    "systems_2": {
      "locked": {
        "lastModified": 1681028828,
        "narHash": "sha256-Vy1rq5AaRuLzOxct8nz4T6wlgyUR7zLU309k9mBC768=",
        "owner": "nix-systems",
        "repo": "default",
        "rev": "da67096a3b9bf56a91d16901293e51ba5b49a27e",
        "type": "github"
      },
      "original": {
        "owner": "nix-systems",
        "ref": "main",
        "repo": "default",
        "type": "github"
      }
    },
    "termux-auth": {
      "flake": false,
      "locked": {
        "lastModified": 1727351185,
        "narHash": "sha256-GbAzu7PPvFZY9zPZBq9XxmNEsbvA4jwvw79pmQ4vAuw=",
        "owner": "termux",
        "repo": "termux-auth",
        "rev": "0bb85b4faa24f4259cfd217ac1865c1b9c4ffc2a",
        "type": "github"
      },
      "original": {
        "owner": "termux",
        "repo": "termux-auth",
        "type": "github"
      }
    },
    "termux-packages": {
      "flake": false,
      "locked": {
        "lastModified": 1764336314,
        "narHash": "sha256-xb30R+cAg5cbQ8RW1Rjehie3JSQCL3Ay/6oiQkQcWco=",
        "owner": "termux",
        "repo": "termux-packages",
        "rev": "89c4af04e808437aeb878c3d1e4edc9c8a7307d8",
        "type": "github"
      },
      "original": {
        "owner": "termux",
        "repo": "termux-packages",
        "type": "github"
      }
    },
    "treefmt-nix": {
      "inputs": {
        "nixpkgs": [
          "nixpkgs"
        ]
      },
      "locked": {
        "lastModified": 1767468822,
        "narHash": "sha256-MpffQxHxmjVKMiQd0Tg2IM/bSjjdQAM+NDcX6yxj7rE=",
        "owner": "numtide",
        "repo": "treefmt-nix",
        "rev": "d56486eb9493ad9c4777c65932618e9c2d0468fc",
        "type": "github"
      },
      "original": {
        "owner": "numtide",
        "ref": "main",
        "repo": "treefmt-nix",
        "type": "github"
      }
    },
    "wrapper-manager": {
      "locked": {
        "lastModified": 1757156862,
        "narHash": "sha256-OGXsTE5jWhGiFfK6OwMvjksrYSobsIFUSUzKsexCDxY=",
        "owner": "viperML",
        "repo": "wrapper-manager",
        "rev": "801dd9c876fcada046af45543e8c7e0bbccf20ea",
        "type": "github"
      },
      "original": {
        "owner": "viperML",
        "ref": "master",
        "repo": "wrapper-manager",
        "type": "github"
      }
    },
    "xdph": {
      "inputs": {
        "hyprland-protocols": [
          "hyprland",
          "hyprland-protocols"
        ],
        "hyprlang": [
          "hyprland",
          "hyprlang"
        ],
        "hyprutils": [
          "hyprland",
          "hyprutils"
        ],
        "hyprwayland-scanner": [
          "hyprland",
          "hyprwayland-scanner"
        ],
        "nixpkgs": [
          "hyprland",
          "nixpkgs"
        ],
        "systems": [
          "hyprland",
          "systems"
        ]
      },
      "locked": {
        "lastModified": 1761431178,
        "narHash": "sha256-xzjC1CV3+wpUQKNF+GnadnkeGUCJX+vgaWIZsnz9tzI=",
        "owner": "hyprwm",
        "repo": "xdg-desktop-portal-hyprland",
        "rev": "4b8801228ff958d028f588f0c2b911dbf32297f9",
        "type": "github"
      },
      "original": {
        "owner": "hyprwm",
        "repo": "xdg-desktop-portal-hyprland",
        "type": "github"
      }
    },
    "xwayland-satellite-stable": {
      "flake": false,
      "locked": {
        "lastModified": 1755491097,
        "narHash": "sha256-m+9tUfsmBeF2Gn4HWa6vSITZ4Gz1eA1F5Kh62B0N4oE=",
        "owner": "Supreeeme",
        "repo": "xwayland-satellite",
        "rev": "388d291e82ffbc73be18169d39470f340707edaa",
        "type": "github"
      },
      "original": {
        "owner": "Supreeeme",
        "ref": "v0.7",
        "repo": "xwayland-satellite",
        "type": "github"
      }
    },
    "xwayland-satellite-unstable": {
      "flake": false,
      "locked": {
        "lastModified": 1766429945,
        "narHash": "sha256-9Kv4gWagx/u4RfZJzBMAoagW9ava5waxd+XoTkzqF7E=",
        "owner": "Supreeeme",
        "repo": "xwayland-satellite",
        "rev": "0dde7ca1d3a8e8c5082533d76084e2aa02bef70e",
        "type": "github"
      },
      "original": {
        "owner": "Supreeeme",
        "repo": "xwayland-satellite",
        "type": "github"
      }
    }
  },
  "root": "root",
  "version": 7
}
